// !$*UTF8*$!
{
	archiveVersion = 1;
	classes = {
	};
	objectVersion = 50;
	objects = {

/* Begin PBXBuildFile section */
		8C13FCE824893B6F00BC36E3 /* AppDelegate.swift in Sources */ = {isa = PBXBuildFile; fileRef = 8C13FCE724893B6F00BC36E3 /* AppDelegate.swift */; };
		8C13FCEA24893B6F00BC36E3 /* SceneDelegate.swift in Sources */ = {isa = PBXBuildFile; fileRef = 8C13FCE924893B6F00BC36E3 /* SceneDelegate.swift */; };
		8C13FCEC24893B6F00BC36E3 /* ContentView.swift in Sources */ = {isa = PBXBuildFile; fileRef = 8C13FCEB24893B6F00BC36E3 /* ContentView.swift */; };
		8C13FCEE24893B7100BC36E3 /* Assets.xcassets in Resources */ = {isa = PBXBuildFile; fileRef = 8C13FCED24893B7100BC36E3 /* Assets.xcassets */; };
		8C13FCF124893B7100BC36E3 /* Preview Assets.xcassets in Resources */ = {isa = PBXBuildFile; fileRef = 8C13FCF024893B7100BC36E3 /* Preview Assets.xcassets */; };
		8C13FCF424893B7100BC36E3 /* LaunchScreen.storyboard in Resources */ = {isa = PBXBuildFile; fileRef = 8C13FCF224893B7100BC36E3 /* LaunchScreen.storyboard */; };
		8C16ED6A248B3E4B00AEE8FE /* AvodadosView.swift in Sources */ = {isa = PBXBuildFile; fileRef = 8C16ED69248B3E4B00AEE8FE /* AvodadosView.swift */; };
		8C16ED6C248B3E7B00AEE8FE /* RipeningStagesView.swift in Sources */ = {isa = PBXBuildFile; fileRef = 8C16ED6B248B3E7B00AEE8FE /* RipeningStagesView.swift */; };
		8C16ED6E248B3E9200AEE8FE /* SettingsView.swift in Sources */ = {isa = PBXBuildFile; fileRef = 8C16ED6D248B3E9200AEE8FE /* SettingsView.swift */; };
		8C16ED70248B3EAC00AEE8FE /* AppView.swift in Sources */ = {isa = PBXBuildFile; fileRef = 8C16ED6F248B3EAC00AEE8FE /* AppView.swift */; };
		8C16ED72248B554C00AEE8FE /* HeaderView.swift in Sources */ = {isa = PBXBuildFile; fileRef = 8C16ED71248B554C00AEE8FE /* HeaderView.swift */; };
		8C16ED74248B5C3600AEE8FE /* HeaderModel.swift in Sources */ = {isa = PBXBuildFile; fileRef = 8C16ED73248B5C3600AEE8FE /* HeaderModel.swift */; };
		8C16ED76248B5C8700AEE8FE /* HeaderData.swift in Sources */ = {isa = PBXBuildFile; fileRef = 8C16ED75248B5C8700AEE8FE /* HeaderData.swift */; };
/* End PBXBuildFile section */

/* Begin PBXFileReference section */
		8C13FCE424893B6F00BC36E3 /* Avocados.app */ = {isa = PBXFileReference; explicitFileType = wrapper.application; includeInIndex = 0; path = Avocados.app; sourceTree = BUILT_PRODUCTS_DIR; };
		8C13FCE724893B6F00BC36E3 /* AppDelegate.swift */ = {isa = PBXFileReference; lastKnownFileType = sourcecode.swift; path = AppDelegate.swift; sourceTree = "<group>"; };
		8C13FCE924893B6F00BC36E3 /* SceneDelegate.swift */ = {isa = PBXFileReference; lastKnownFileType = sourcecode.swift; path = SceneDelegate.swift; sourceTree = "<group>"; };
		8C13FCEB24893B6F00BC36E3 /* ContentView.swift */ = {isa = PBXFileReference; lastKnownFileType = sourcecode.swift; path = ContentView.swift; sourceTree = "<group>"; };
		8C13FCED24893B7100BC36E3 /* Assets.xcassets */ = {isa = PBXFileReference; lastKnownFileType = folder.assetcatalog; path = Assets.xcassets; sourceTree = "<group>"; };
		8C13FCF024893B7100BC36E3 /* Preview Assets.xcassets */ = {isa = PBXFileReference; lastKnownFileType = folder.assetcatalog; path = "Preview Assets.xcassets"; sourceTree = "<group>"; };
		8C13FCF324893B7100BC36E3 /* Base */ = {isa = PBXFileReference; lastKnownFileType = file.storyboard; name = Base; path = Base.lproj/LaunchScreen.storyboard; sourceTree = "<group>"; };
		8C13FCF524893B7100BC36E3 /* Info.plist */ = {isa = PBXFileReference; lastKnownFileType = text.plist.xml; path = Info.plist; sourceTree = "<group>"; };
		8C16ED69248B3E4B00AEE8FE /* AvodadosView.swift */ = {isa = PBXFileReference; lastKnownFileType = sourcecode.swift; path = AvodadosView.swift; sourceTree = "<group>"; };
		8C16ED6B248B3E7B00AEE8FE /* RipeningStagesView.swift */ = {isa = PBXFileReference; lastKnownFileType = sourcecode.swift; path = RipeningStagesView.swift; sourceTree = "<group>"; };
		8C16ED6D248B3E9200AEE8FE /* SettingsView.swift */ = {isa = PBXFileReference; lastKnownFileType = sourcecode.swift; path = SettingsView.swift; sourceTree = "<group>"; };
		8C16ED6F248B3EAC00AEE8FE /* AppView.swift */ = {isa = PBXFileReference; lastKnownFileType = sourcecode.swift; path = AppView.swift; sourceTree = "<group>"; };
		8C16ED71248B554C00AEE8FE /* HeaderView.swift */ = {isa = PBXFileReference; lastKnownFileType = sourcecode.swift; path = HeaderView.swift; sourceTree = "<group>"; };
		8C16ED73248B5C3600AEE8FE /* HeaderModel.swift */ = {isa = PBXFileReference; lastKnownFileType = sourcecode.swift; path = HeaderModel.swift; sourceTree = "<group>"; };
		8C16ED75248B5C8700AEE8FE /* HeaderData.swift */ = {isa = PBXFileReference; lastKnownFileType = sourcecode.swift; path = HeaderData.swift; sourceTree = "<group>"; };
/* End PBXFileReference section */

/* Begin PBXFrameworksBuildPhase section */
		8C13FCE124893B6F00BC36E3 /* Frameworks */ = {
			isa = PBXFrameworksBuildPhase;
			buildActionMask = 2147483647;
			files = (
			);
			runOnlyForDeploymentPostprocessing = 0;
		};
/* End PBXFrameworksBuildPhase section */

/* Begin PBXGroup section */
		8C13FCDB24893B6F00BC36E3 = {
			isa = PBXGroup;
			children = (
				8C13FCE624893B6F00BC36E3 /* Avocados */,
				8C13FCE524893B6F00BC36E3 /* Products */,
			);
			sourceTree = "<group>";
		};
		8C13FCE524893B6F00BC36E3 /* Products */ = {
			isa = PBXGroup;
			children = (
				8C13FCE424893B6F00BC36E3 /* Avocados.app */,
			);
			name = Products;
			sourceTree = "<group>";
		};
		8C13FCE624893B6F00BC36E3 /* Avocados */ = {
			isa = PBXGroup;
			children = (
				8C16ED68248B3E2100AEE8FE /* View */,
				8C16ED67248B3E1A00AEE8FE /* Model */,
				8C16ED66248B3E0F00AEE8FE /* Deta */,
				8C13FCE724893B6F00BC36E3 /* AppDelegate.swift */,
				8C13FCE924893B6F00BC36E3 /* SceneDelegate.swift */,
				8C13FCED24893B7100BC36E3 /* Assets.xcassets */,
				8C13FCF224893B7100BC36E3 /* LaunchScreen.storyboard */,
				8C13FCF524893B7100BC36E3 /* Info.plist */,
				8C13FCEF24893B7100BC36E3 /* Preview Content */,
			);
			path = Avocados;
			sourceTree = "<group>";
		};
		8C13FCEF24893B7100BC36E3 /* Preview Content */ = {
			isa = PBXGroup;
			children = (
				8C13FCF024893B7100BC36E3 /* Preview Assets.xcassets */,
			);
			path = "Preview Content";
			sourceTree = "<group>";
		};
		8C16ED66248B3E0F00AEE8FE /* Deta */ = {
			isa = PBXGroup;
			children = (
				8C16ED75248B5C8700AEE8FE /* HeaderData.swift */,
			);
			path = Deta;
			sourceTree = "<group>";
		};
		8C16ED67248B3E1A00AEE8FE /* Model */ = {
			isa = PBXGroup;
			children = (
				8C16ED73248B5C3600AEE8FE /* HeaderModel.swift */,
			);
			path = Model;
			sourceTree = "<group>";
		};
		8C16ED68248B3E2100AEE8FE /* View */ = {
			isa = PBXGroup;
			children = (
				8C13FCEB24893B6F00BC36E3 /* ContentView.swift */,
				8C16ED69248B3E4B00AEE8FE /* AvodadosView.swift */,
				8C16ED6B248B3E7B00AEE8FE /* RipeningStagesView.swift */,
				8C16ED6D248B3E9200AEE8FE /* SettingsView.swift */,
				8C16ED6F248B3EAC00AEE8FE /* AppView.swift */,
				8C16ED71248B554C00AEE8FE /* HeaderView.swift */,
			);
			path = View;
			sourceTree = "<group>";
		};
/* End PBXGroup section */

/* Begin PBXNativeTarget section */
		8C13FCE324893B6F00BC36E3 /* Avocados */ = {
			isa = PBXNativeTarget;
			buildConfigurationList = 8C13FCF824893B7100BC36E3 /* Build configuration list for PBXNativeTarget "Avocados" */;
			buildPhases = (
				8C13FCE024893B6F00BC36E3 /* Sources */,
				8C13FCE124893B6F00BC36E3 /* Frameworks */,
				8C13FCE224893B6F00BC36E3 /* Resources */,
			);
			buildRules = (
			);
			dependencies = (
			);
			name = Avocados;
			productName = Avocados;
			productReference = 8C13FCE424893B6F00BC36E3 /* Avocados.app */;
			productType = "com.apple.product-type.application";
		};
/* End PBXNativeTarget section */

/* Begin PBXProject section */
		8C13FCDC24893B6F00BC36E3 /* Project object */ = {
			isa = PBXProject;
			attributes = {
				LastSwiftUpdateCheck = 1150;
				LastUpgradeCheck = 1150;
				ORGANIZATIONNAME = "Shohei Hayashi";
				TargetAttributes = {
					8C13FCE324893B6F00BC36E3 = {
						CreatedOnToolsVersion = 11.5;
					};
				};
			};
			buildConfigurationList = 8C13FCDF24893B6F00BC36E3 /* Build configuration list for PBXProject "Avocados" */;
			compatibilityVersion = "Xcode 9.3";
			developmentRegion = en;
			hasScannedForEncodings = 0;
			knownRegions = (
				en,
				Base,
			);
			mainGroup = 8C13FCDB24893B6F00BC36E3;
			productRefGroup = 8C13FCE524893B6F00BC36E3 /* Products */;
			projectDirPath = "";
			projectRoot = "";
			targets = (
				8C13FCE324893B6F00BC36E3 /* Avocados */,
			);
		};
/* End PBXProject section */

/* Begin PBXResourcesBuildPhase section */
		8C13FCE224893B6F00BC36E3 /* Resources */ = {
			isa = PBXResourcesBuildPhase;
			buildActionMask = 2147483647;
			files = (
				8C13FCF424893B7100BC36E3 /* LaunchScreen.storyboard in Resources */,
				8C13FCF124893B7100BC36E3 /* Preview Assets.xcassets in Resources */,
				8C13FCEE24893B7100BC36E3 /* Assets.xcassets in Resources */,
			);
			runOnlyForDeploymentPostprocessing = 0;
		};
/* End PBXResourcesBuildPhase section */

/* Begin PBXSourcesBuildPhase section */
		8C13FCE024893B6F00BC36E3 /* Sources */ = {
			isa = PBXSourcesBuildPhase;
			buildActionMask = 2147483647;
			files = (
				8C13FCE824893B6F00BC36E3 /* AppDelegate.swift in Sources */,
				8C16ED74248B5C3600AEE8FE /* HeaderModel.swift in Sources */,
				8C16ED6C248B3E7B00AEE8FE /* RipeningStagesView.swift in Sources */,
				8C16ED6A248B3E4B00AEE8FE /* AvodadosView.swift in Sources */,
				8C16ED70248B3EAC00AEE8FE /* AppView.swift in Sources */,
				8C16ED6E248B3E9200AEE8FE /* SettingsView.swift in Sources */,
				8C13FCEA24893B6F00BC36E3 /* SceneDelegate.swift in Sources */,
				8C13FCEC24893B6F00BC36E3 /* ContentView.swift in Sources */,
				8C16ED76248B5C8700AEE8FE /* HeaderData.swift in Sources */,
				8C16ED72248B554C00AEE8FE /* HeaderView.swift in Sources */,
			);
			runOnlyForDeploymentPostprocessing = 0;
		};
/* End PBXSourcesBuildPhase section */

/* Begin PBXVariantGroup section */
		8C13FCF224893B7100BC36E3 /* LaunchScreen.storyboard */ = {
			isa = PBXVariantGroup;
			children = (
				8C13FCF324893B7100BC36E3 /* Base */,
			);
			name = LaunchScreen.storyboard;
			sourceTree = "<group>";
		};
/* End PBXVariantGroup section */

/* Begin XCBuildConfiguration section */
		8C13FCF624893B7100BC36E3 /* Debug */ = {
			isa = XCBuildConfiguration;
			buildSettings = {
				ALWAYS_SEARCH_USER_PATHS = NO;
				CLANG_ANALYZER_NONNULL = YES;
				CLANG_ANALYZER_NUMBER_OBJECT_CONVERSION = YES_AGGRESSIVE;
				CLANG_CXX_LANGUAGE_STANDARD = "gnu++14";
				CLANG_CXX_LIBRARY = "libc++";
				CLANG_ENABLE_MODULES = YES;
				CLANG_ENABLE_OBJC_ARC = YES;
				CLANG_ENABLE_OBJC_WEAK = YES;
				CLANG_WARN_BLOCK_CAPTURE_AUTORELEASING = YES;
				CLANG_WARN_BOOL_CONVERSION = YES;
				CLANG_WARN_COMMA = YES;
				CLANG_WARN_CONSTANT_CONVERSION = YES;
				CLANG_WARN_DEPRECATED_OBJC_IMPLEMENTATIONS = YES;
				CLANG_WARN_DIRECT_OBJC_ISA_USAGE = YES_ERROR;
				CLANG_WARN_DOCUMENTATION_COMMENTS = YES;
				CLANG_WARN_EMPTY_BODY = YES;
				CLANG_WARN_ENUM_CONVERSION = YES;
				CLANG_WARN_INFINITE_RECURSION = YES;
				CLANG_WARN_INT_CONVERSION = YES;
				CLANG_WARN_NON_LITERAL_NULL_CONVERSION = YES;
				CLANG_WARN_OBJC_IMPLICIT_RETAIN_SELF = YES;
				CLANG_WARN_OBJC_LITERAL_CONVERSION = YES;
				CLANG_WARN_OBJC_ROOT_CLASS = YES_ERROR;
				CLANG_WARN_RANGE_LOOP_ANALYSIS = YES;
				CLANG_WARN_STRICT_PROTOTYPES = YES;
				CLANG_WARN_SUSPICIOUS_MOVE = YES;
				CLANG_WARN_UNGUARDED_AVAILABILITY = YES_AGGRESSIVE;
				CLANG_WARN_UNREACHABLE_CODE = YES;
				CLANG_WARN__DUPLICATE_METHOD_MATCH = YES;
				COPY_PHASE_STRIP = NO;
				DEBUG_INFORMATION_FORMAT = dwarf;
				ENABLE_STRICT_OBJC_MSGSEND = YES;
				ENABLE_TESTABILITY = YES;
				GCC_C_LANGUAGE_STANDARD = gnu11;
				GCC_DYNAMIC_NO_PIC = NO;
				GCC_NO_COMMON_BLOCKS = YES;
				GCC_OPTIMIZATION_LEVEL = 0;
				GCC_PREPROCESSOR_DEFINITIONS = (
					"DEBUG=1",
					"$(inherited)",
				);
				GCC_WARN_64_TO_32_BIT_CONVERSION = YES;
				GCC_WARN_ABOUT_RETURN_TYPE = YES_ERROR;
				GCC_WARN_UNDECLARED_SELECTOR = YES;
				GCC_WARN_UNINITIALIZED_AUTOS = YES_AGGRESSIVE;
				GCC_WARN_UNUSED_FUNCTION = YES;
				GCC_WARN_UNUSED_VARIABLE = YES;
				IPHONEOS_DEPLOYMENT_TARGET = 13.5;
				MTL_ENABLE_DEBUG_INFO = INCLUDE_SOURCE;
				MTL_FAST_MATH = YES;
				ONLY_ACTIVE_ARCH = YES;
				SDKROOT = iphoneos;
				SWIFT_ACTIVE_COMPILATION_CONDITIONS = DEBUG;
				SWIFT_OPTIMIZATION_LEVEL = "-Onone";
			};
			name = Debug;
		};
		8C13FCF724893B7100BC36E3 /* Release */ = {
			isa = XCBuildConfiguration;
			buildSettings = {
				ALWAYS_SEARCH_USER_PATHS = NO;
				CLANG_ANALYZER_NONNULL = YES;
				CLANG_ANALYZER_NUMBER_OBJECT_CONVERSION = YES_AGGRESSIVE;
				CLANG_CXX_LANGUAGE_STANDARD = "gnu++14";
				CLANG_CXX_LIBRARY = "libc++";
				CLANG_ENABLE_MODULES = YES;
				CLANG_ENABLE_OBJC_ARC = YES;
				CLANG_ENABLE_OBJC_WEAK = YES;
				CLANG_WARN_BLOCK_CAPTURE_AUTORELEASING = YES;
				CLANG_WARN_BOOL_CONVERSION = YES;
				CLANG_WARN_COMMA = YES;
				CLANG_WARN_CONSTANT_CONVERSION = YES;
				CLANG_WARN_DEPRECATED_OBJC_IMPLEMENTATIONS = YES;
				CLANG_WARN_DIRECT_OBJC_ISA_USAGE = YES_ERROR;
				CLANG_WARN_DOCUMENTATION_COMMENTS = YES;
				CLANG_WARN_EMPTY_BODY = YES;
				CLANG_WARN_ENUM_CONVERSION = YES;
				CLANG_WARN_INFINITE_RECURSION = YES;
				CLANG_WARN_INT_CONVERSION = YES;
				CLANG_WARN_NON_LITERAL_NULL_CONVERSION = YES;
				CLANG_WARN_OBJC_IMPLICIT_RETAIN_SELF = YES;
				CLANG_WARN_OBJC_LITERAL_CONVERSION = YES;
				CLANG_WARN_OBJC_ROOT_CLASS = YES_ERROR;
				CLANG_WARN_RANGE_LOOP_ANALYSIS = YES;
				CLANG_WARN_STRICT_PROTOTYPES = YES;
				CLANG_WARN_SUSPICIOUS_MOVE = YES;
				CLANG_WARN_UNGUARDED_AVAILABILITY = YES_AGGRESSIVE;
				CLANG_WARN_UNREACHABLE_CODE = YES;
				CLANG_WARN__DUPLICATE_METHOD_MATCH = YES;
				COPY_PHASE_STRIP = NO;
				DEBUG_INFORMATION_FORMAT = "dwarf-with-dsym";
				ENABLE_NS_ASSERTIONS = NO;
				ENABLE_STRICT_OBJC_MSGSEND = YES;
				GCC_C_LANGUAGE_STANDARD = gnu11;
				GCC_NO_COMMON_BLOCKS = YES;
				GCC_WARN_64_TO_32_BIT_CONVERSION = YES;
				GCC_WARN_ABOUT_RETURN_TYPE = YES_ERROR;
				GCC_WARN_UNDECLARED_SELECTOR = YES;
				GCC_WARN_UNINITIALIZED_AUTOS = YES_AGGRESSIVE;
				GCC_WARN_UNUSED_FUNCTION = YES;
				GCC_WARN_UNUSED_VARIABLE = YES;
				IPHONEOS_DEPLOYMENT_TARGET = 13.5;
				MTL_ENABLE_DEBUG_INFO = NO;
				MTL_FAST_MATH = YES;
				SDKROOT = iphoneos;
				SWIFT_COMPILATION_MODE = wholemodule;
				SWIFT_OPTIMIZATION_LEVEL = "-O";
				VALIDATE_PRODUCT = YES;
			};
			name = Release;
		};
		8C13FCF924893B7100BC36E3 /* Debug */ = {
			isa = XCBuildConfiguration;
			buildSettings = {
				ASSETCATALOG_COMPILER_APPICON_NAME = AppIcon;
				CODE_SIGN_STYLE = Automatic;
				DEVELOPMENT_ASSET_PATHS = "\"Avocados/Preview Content\"";
				DEVELOPMENT_TEAM = 3GTSC8DL76;
				ENABLE_PREVIEWS = YES;
				INFOPLIST_FILE = Avocados/Info.plist;
				LD_RUNPATH_SEARCH_PATHS = (
					"$(inherited)",
					"@executable_path/Frameworks",
				);
				PRODUCT_BUNDLE_IDENTIFIER = com.shoheihayashi.Avocados;
				PRODUCT_NAME = "$(TARGET_NAME)";
				SWIFT_VERSION = 5.0;
				TARGETED_DEVICE_FAMILY = "1,2";
			};
			name = Debug;
		};
		8C13FCFA24893B7100BC36E3 /* Release */ = {
			isa = XCBuildConfiguration;
			buildSettings = {
				ASSETCATALOG_COMPILER_APPICON_NAME = AppIcon;
				CODE_SIGN_STYLE = Automatic;
				DEVELOPMENT_ASSET_PATHS = "\"Avocados/Preview Content\"";
				DEVELOPMENT_TEAM = 3GTSC8DL76;
				ENABLE_PREVIEWS = YES;
				INFOPLIST_FILE = Avocados/Info.plist;
				LD_RUNPATH_SEARCH_PATHS = (
					"$(inherited)",
					"@executable_path/Frameworks",
				);
				PRODUCT_BUNDLE_IDENTIFIER = com.shoheihayashi.Avocados;
				PRODUCT_NAME = "$(TARGET_NAME)";
				SWIFT_VERSION = 5.0;
				TARGETED_DEVICE_FAMILY = "1,2";
			};
			name = Release;
		};
/* End XCBuildConfiguration section */

/* Begin XCConfigurationList section */
		8C13FCDF24893B6F00BC36E3 /* Build configuration list for PBXProject "Avocados" */ = {
			isa = XCConfigurationList;
			buildConfigurations = (
				8C13FCF624893B7100BC36E3 /* Debug */,
				8C13FCF724893B7100BC36E3 /* Release */,
			);
			defaultConfigurationIsVisible = 0;
			defaultConfigurationName = Release;
		};
		8C13FCF824893B7100BC36E3 /* Build configuration list for PBXNativeTarget "Avocados" */ = {
			isa = XCConfigurationList;
			buildConfigurations = (
				8C13FCF924893B7100BC36E3 /* Debug */,
				8C13FCFA24893B7100BC36E3 /* Release */,
			);
			defaultConfigurationIsVisible = 0;
			defaultConfigurationName = Release;
		};
/* End XCConfigurationList section */
	};
	rootObject = 8C13FCDC24893B6F00BC36E3 /* Project object */;
}
